
Microsoft Visual Studio Solution File, Format Version 12.00
# Visual Studio 15
VisualStudioVersion = 15.0.28307.1169
MinimumVisualStudioVersion = 10.0.40219.1
Project("{9A19103F-16F7-4668-BE54-9A1E7A4F7556}") = "Salary", "Salary\Salary.csproj", "{BD7A6383-59B1-47A9-8CAC-B296101C5108}"
EndProject
Project("{9A19103F-16F7-4668-BE54-9A1E7A4F7556}") = "SalaryCalculatorLibrary", "SalaryCalculatorLibrary\SalaryCalculatorLibrary.csproj", "{17F7C8A8-BD9A-4E32-9B86-DD3EC44C6509}"
EndProject
Project("{9A19103F-16F7-4668-BE54-9A1E7A4F7556}") = "SalaryCalculatorLibraryTest", "SalaryCalculatorTest\SalaryCalculatorLibraryTest.csproj", "{BBA79785-AA35-4FA2-8272-35DE83435F2F}"
EndProject
Global
	GlobalSection(SolutionConfigurationPlatforms) = preSolution
		Debug|Any CPU = Debug|Any CPU
		Release|Any CPU = Release|Any CPU
	EndGlobalSection
	GlobalSection(ProjectConfigurationPlatforms) = postSolution
		{BD7A6383-59B1-47A9-8CAC-B296101C5108}.Debug|Any CPU.ActiveCfg = Debug|Any CPU
		{BD7A6383-59B1-47A9-8CAC-B296101C5108}.Debug|Any CPU.Build.0 = Debug|Any CPU
		{BD7A6383-59B1-47A9-8CAC-B296101C5108}.Release|Any CPU.ActiveCfg = Release|Any CPU
		{BD7A6383-59B1-47A9-8CAC-B296101C5108}.Release|Any CPU.Build.0 = Release|Any CPU
		{17F7C8A8-BD9A-4E32-9B86-DD3EC44C6509}.Debug|Any CPU.ActiveCfg = Debug|Any CPU
		{17F7C8A8-BD9A-4E32-9B86-DD3EC44C6509}.Debug|Any CPU.Build.0 = Debug|Any CPU
		{17F7C8A8-BD9A-4E32-9B86-DD3EC44C6509}.Release|Any CPU.ActiveCfg = Release|Any CPU
		{17F7C8A8-BD9A-4E32-9B86-DD3EC44C6509}.Release|Any CPU.Build.0 = Release|Any CPU
		{BBA79785-AA35-4FA2-8272-35DE83435F2F}.Debug|Any CPU.ActiveCfg = Debug|Any CPU
		{BBA79785-AA35-4FA2-8272-35DE83435F2F}.Debug|Any CPU.Build.0 = Debug|Any CPU
		{BBA79785-AA35-4FA2-8272-35DE83435F2F}.Release|Any CPU.ActiveCfg = Release|Any CPU
		{BBA79785-AA35-4FA2-8272-35DE83435F2F}.Release|Any CPU.Build.0 = Release|Any CPU
	EndGlobalSection
	GlobalSection(SolutionProperties) = preSolution
		HideSolutionNode = FALSE
	EndGlobalSection
	GlobalSection(ExtensibilityGlobals) = postSolution
		SolutionGuid = {AF8C1B1A-C7C7-4A9E-A2D8-7FA2E29279E8}
	EndGlobalSection
EndGlobal
